
Microsoft Visual Studio Solution File, Format Version 12.00
# Visual Studio Version 17
VisualStudioVersion = 17.14.36616.10 d17.14
MinimumVisualStudioVersion = 10.0.40219.1
Project("{FAE04EC0-301F-11D3-BF4B-00C04F79EFBC}") = "ImageAIProxy", "ImageAIProxy.csproj", "{C96CC53F-86E8-46BB-9867-F800D3E814AF}"
EndProject
Global
	GlobalSection(SolutionConfigurationPlatforms) = preSolution
		Debug|Any CPU = Debug|Any CPU
		Release|Any CPU = Release|Any CPU
	EndGlobalSection
	GlobalSection(ProjectConfigurationPlatforms) = postSolution
		{C96CC53F-86E8-46BB-9867-F800D3E814AF}.Debug|Any CPU.ActiveCfg = Debug|Any CPU
		{C96CC53F-86E8-46BB-9867-F800D3E814AF}.Debug|Any CPU.Build.0 = Debug|Any CPU
		{C96CC53F-86E8-46BB-9867-F800D3E814AF}.Release|Any CPU.ActiveCfg = Release|Any CPU
		{C96CC53F-86E8-46BB-9867-F800D3E814AF}.Release|Any CPU.Build.0 = Release|Any CPU
	EndGlobalSection
	GlobalSection(SolutionProperties) = preSolution
		HideSolutionNode = FALSE
	EndGlobalSection
	GlobalSection(ExtensibilityGlobals) = postSolution
		SolutionGuid = {87BC33C4-F438-4103-B926-BA7D2AB52178}
	EndGlobalSection
EndGlobal
